
Microsoft Visual Studio Solution File, Format Version 12.00
# Visual Studio 15
VisualStudioVersion = 15.0.28307.779
MinimumVisualStudioVersion = 10.0.40219.1
Project("{FAE04EC0-301F-11D3-BF4B-00C04F79EFBC}") = "StudentRegistrationDemo3", "StudentRegistrationDemo3\StudentRegistrationDemo3.csproj", "{DF610059-0C1E-4537-9A8D-F59F76D0072C}"
EndProject
Global
	GlobalSection(SolutionConfigurationPlatforms) = preSolution
		Debug|Any CPU = Debug|Any CPU
		Release|Any CPU = Release|Any CPU
	EndGlobalSection
	GlobalSection(ProjectConfigurationPlatforms) = postSolution
		{DF610059-0C1E-4537-9A8D-F59F76D0072C}.Debug|Any CPU.ActiveCfg = Debug|Any CPU
		{DF610059-0C1E-4537-9A8D-F59F76D0072C}.Debug|Any CPU.Build.0 = Debug|Any CPU
		{DF610059-0C1E-4537-9A8D-F59F76D0072C}.Release|Any CPU.ActiveCfg = Release|Any CPU
		{DF610059-0C1E-4537-9A8D-F59F76D0072C}.Release|Any CPU.Build.0 = Release|Any CPU
	EndGlobalSection
	GlobalSection(SolutionProperties) = preSolution
		HideSolutionNode = FALSE
	EndGlobalSection
	GlobalSection(ExtensibilityGlobals) = postSolution
		SolutionGuid = {886FC80D-172E-424D-842D-CB064E94CFBF}
	EndGlobalSection
EndGlobal
